
Microsoft Visual Studio Solution File, Format Version 12.00
# Visual Studio 14
VisualStudioVersion = 14.0.25420.1
MinimumVisualStudioVersion = 10.0.40219.1
Project("{FAE04EC0-301F-11D3-BF4B-00C04F79EFBC}") = "HolographicsDrone_Desktop", "HolographicsDrone_Desktop\HolographicsDrone_Desktop.csproj", "{8ED5960D-0BFE-49B9-A0FE-99EDD3659515}"
EndProject
Project("{D954291E-2A0B-460D-934E-DC6B0785DB48}") = "HolographicsDrone", "..\..\Shared\HolographicsDrone.shproj", "{E75F3361-388F-4B61-A014-CA1702C831FF}"
EndProject
Global
	GlobalSection(SharedMSBuildProjectFiles) = preSolution
		..\..\Shared\HolographicsDrone.projitems*{8ed5960d-0bfe-49b9-a0fe-99edd3659515}*SharedItemsImports = 4
		..\..\Shared\HolographicsDrone.projitems*{e75f3361-388f-4b61-a014-ca1702c831ff}*SharedItemsImports = 13
	EndGlobalSection
	GlobalSection(SolutionConfigurationPlatforms) = preSolution
		Debug|Any CPU = Debug|Any CPU
		Release|Any CPU = Release|Any CPU
	EndGlobalSection
	GlobalSection(ProjectConfigurationPlatforms) = postSolution
		{8ED5960D-0BFE-49B9-A0FE-99EDD3659515}.Debug|Any CPU.ActiveCfg = Debug|Any CPU
		{8ED5960D-0BFE-49B9-A0FE-99EDD3659515}.Debug|Any CPU.Build.0 = Debug|Any CPU
		{8ED5960D-0BFE-49B9-A0FE-99EDD3659515}.Release|Any CPU.ActiveCfg = Release|Any CPU
		{8ED5960D-0BFE-49B9-A0FE-99EDD3659515}.Release|Any CPU.Build.0 = Release|Any CPU
	EndGlobalSection
	GlobalSection(SolutionProperties) = preSolution
		HideSolutionNode = FALSE
	EndGlobalSection
EndGlobal
